{
  "name": "ilp-prepare-example",
  "version": "1.0.0",
  "lockfileVersion": 1,
  "requires": true,
  "dependencies": {
    "bignumber.js": {
      "version": "5.0.0",
      "resolved": "https://registry.npmjs.org/bignumber.js/-/bignumber.js-5.0.0.tgz",
      "integrity": "sha512-KWTu6ZMVk9sxlDJQh2YH1UOnfDP8O8TpxUxgQG/vKASoSnEjK9aVuOueFaPcQEYQ5fyNXNTOYwYw3099RYebWg=="
    },
    "ilp-packet": {
      "version": "2.1.2",
      "resolved": "https://registry.npmjs.org/ilp-packet/-/ilp-packet-2.1.2.tgz",
      "integrity": "sha1-VcvyCWQq35RM6iYT1Wlk/SvswAY=",
      "requires": {
        "bignumber.js": "5.0.0",
        "long": "3.2.0",
        "oer-utils": "1.3.4"
      }
    },
    "long": {
      "version": "3.2.0",
      "resolved": "https://registry.npmjs.org/long/-/long-3.2.0.tgz",
      "integrity": "sha1-2CG3E4yhy1gcFymQ7xTbIAtcR0s="
    },
    "oer-utils": {
      "version": "1.3.4",
      "resolved": "https://registry.npmjs.org/oer-utils/-/oer-utils-1.3.4.tgz",
      "integrity": "sha1-sqmtvJK8GRVaKgDwRWg9Hm1KyCM="
    }
  }
}
